
Microsoft Visual Studio Solution File, Format Version 12.00
# Visual Studio Version 16
VisualStudioVersion = 16.0.30104.148
MinimumVisualStudioVersion = 10.0.40219.1
Project("{8BC9CEB8-8B4A-11D0-8D11-00A0C91BC942}") = "C++作业编程7", "C++作业编程7\C++作业编程7.vcxproj", "{4E903067-4B06-4588-8159-4820AD63714F}"
EndProject
Global
	GlobalSection(SolutionConfigurationPlatforms) = preSolution
		Debug|x64 = Debug|x64
		Debug|x86 = Debug|x86
		Release|x64 = Release|x64
		Release|x86 = Release|x86
	EndGlobalSection
	GlobalSection(ProjectConfigurationPlatforms) = postSolution
		{4E903067-4B06-4588-8159-4820AD63714F}.Debug|x64.ActiveCfg = Debug|x64
		{4E903067-4B06-4588-8159-4820AD63714F}.Debug|x64.Build.0 = Debug|x64
		{4E903067-4B06-4588-8159-4820AD63714F}.Debug|x86.ActiveCfg = Debug|Win32
		{4E903067-4B06-4588-8159-4820AD63714F}.Debug|x86.Build.0 = Debug|Win32
		{4E903067-4B06-4588-8159-4820AD63714F}.Release|x64.ActiveCfg = Release|x64
		{4E903067-4B06-4588-8159-4820AD63714F}.Release|x64.Build.0 = Release|x64
		{4E903067-4B06-4588-8159-4820AD63714F}.Release|x86.ActiveCfg = Release|Win32
		{4E903067-4B06-4588-8159-4820AD63714F}.Release|x86.Build.0 = Release|Win32
	EndGlobalSection
	GlobalSection(SolutionProperties) = preSolution
		HideSolutionNode = FALSE
	EndGlobalSection
	GlobalSection(ExtensibilityGlobals) = postSolution
		SolutionGuid = {C13C048E-A6C5-4F8C-8F82-7F79F43ECA28}
	EndGlobalSection
EndGlobal
